# THIS IS AN AUTOGENERATED FILE. DO NOT EDIT THIS FILE DIRECTLY.
# yarn lockfile v1


"@vscode/iconv-lite-umd@0.7.0":
  version "0.7.0"
  resolved "https://registry.yarnpkg.com/@vscode/iconv-lite-umd/-/iconv-lite-umd-0.7.0.tgz#d2f1e0664ee6036408f9743fee264ea0699b0e48"
  integrity sha512-bRRFxLfg5dtAyl5XyiVWz/ZBPahpOpPrNYnnHpOpUZvam4tKH35wdhP4Kj6PbM0+KdliOsPzbGWpkxcdpNB/sg==

"@vscode/vscode-languagedetection@1.0.21":
  version "1.0.21"
  resolved "https://registry.yarnpkg.com/@vscode/vscode-languagedetection/-/vscode-languagedetection-1.0.21.tgz#89b48f293f6aa3341bb888c1118d16ff13b032d3"
  integrity sha512-zSUH9HYCw5qsCtd7b31yqkpaCU6jhtkKLkvOOA8yTrIRfBSOFb8PPhgmMicD7B/m+t4PwOJXzU1XDtrM9Fd3/g==

jschardet@3.0.0:
  version "3.0.0"
  resolved "https://registry.yarnpkg.com/jschardet/-/jschardet-3.0.0.tgz#898d2332e45ebabbdb6bf2feece9feea9a99e882"
  integrity sha512-lJH6tJ77V8Nzd5QWRkFYCLc13a3vADkh3r/Fi8HupZGWk2OVVDfnZP8V/VgQgZ+lzW0kG2UGb5hFgt3V3ndotQ==

vscode-oniguruma@1.6.1:
  version "1.6.1"
  resolved "https://registry.yarnpkg.com/vscode-oniguruma/-/vscode-oniguruma-1.6.1.tgz#2bf4dfcfe3dd2e56eb549a3068c8ee39e6c30ce5"
  integrity sha512-vc4WhSIaVpgJ0jJIejjYxPvURJavX6QG41vu0mGhqywMkQqulezEqEQ3cO3gc8GvcOpX6ycmKGqRoROEMBNXTQ==

vscode-textmate@7.0.1:
  version "7.0.1"
  resolved "https://registry.yarnpkg.com/vscode-textmate/-/vscode-textmate-7.0.1.tgz#8118a32b02735dccd14f893b495fa5389ad7de79"
  integrity sha512-zQ5U/nuXAAMsh691FtV0wPz89nSkHbs+IQV8FDk+wew9BlSDhf4UmWGlWJfTR2Ti6xZv87Tj5fENzKf6Qk7aLw==

xterm-addon-search@0.10.0-beta.3:
  version "0.10.0-beta.3"
  resolved "https://registry.yarnpkg.com/xterm-addon-search/-/xterm-addon-search-0.10.0-beta.3.tgz#5194434d86105637c71f6f20139a9d0b5c1a956a"
  integrity sha512-UeGm/ymnp7HUYJJtsP0D+bljOWbdk3MctcLJ+0jv8AmU6YlAzJFtouvYSQrD5SAMyht5CRsvjzFgqic9X02JYg==

xterm-addon-unicode11@0.4.0-beta.3:
  version "0.4.0-beta.3"
  resolved "https://registry.yarnpkg.com/xterm-addon-unicode11/-/xterm-addon-unicode11-0.4.0-beta.3.tgz#f350184155fafd5ad0d6fbf31d13e6ca7dea1efa"
  integrity sha512-FryZAVwbUjKTmwXnm1trch/2XO60F5JsDvOkZhzobV1hm10sFLVuZpFyHXiUx7TFeeFsvNP+S77LAtWoeT5z+Q==

xterm-addon-webgl@0.13.0-beta.9:
  version "0.13.0-beta.9"
  resolved "https://registry.yarnpkg.com/xterm-addon-webgl/-/xterm-addon-webgl-0.13.0-beta.9.tgz#66a9ac142ae347d0548abbf4e66bb2f35f415adb"
  integrity sha512-x1o1tpCqIsICvhcRsZs+BLcwUIdizYS2G4TIH0KBnUDiSN+oSqpVBQNG8qKg56xbK8WtpdbQ9dLB7JR2W5cX0g==

xterm@4.20.0-beta.20:
  version "4.20.0-beta.20"
  resolved "https://registry.yarnpkg.com/xterm/-/xterm-4.20.0-beta.20.tgz#2979a31839f7b8ee3ffe4f063b40c02facdb0fed"
  integrity sha512-ltDtTquH+33tXQPFSDqenbgz6LkvIob6l6Rac85L4aX5Ve7P3ubVLrq+lTFJGQn3iiwGqNmnE1t1EUuGhxsXcQ==
