{
  "name": "media-preview",
  "version": "1.0.0",
  "lockfileVersion": 3,
  "requires": true,
  "packages": {
    "": {
      "name": "media-preview",
      "version": "1.0.0",
      "license": "MIT",
      "dependencies": {
        "vscode-uri": "^3.0.6"
      },
      "engines": {
        "vscode": "^1.70.0"
      }
    },
    "node_modules/vscode-uri": {
      "version": "3.0.6",
      "resolved": "https://registry.npmjs.org/vscode-uri/-/vscode-uri-3.0.6.tgz",
      "integrity": "sha512-fmL7V1eiDBFRRnu+gfRWTzyPpNIHJTc4mWnFkwBUmO9U3KPgJAmTx7oxi2bl/Rh6HLdU7+4C9wlj0k2E4AdKFQ=="
    }
  }
}
