# THIS IS AN AUTOGENERATED FILE. DO NOT EDIT THIS FILE DIRECTLY.
# yarn lockfile v1


"@microsoft/dynamicproto-js@^1.1.6":
  version "1.1.6"
  resolved "https://registry.yarnpkg.com/@microsoft/dynamicproto-js/-/dynamicproto-js-1.1.6.tgz#6fe03468862861f5f88ac4c3959a652b3797f1bc"
  integrity sha512-D1Oivw1A4bIXhzBIy3/BBPn3p2On+kpO2NiYt9shICDK7L/w+cR6FFBUsBZ05l6iqzTeL+Jm8lAYn0g6G7DmDg==

vscode-nls@^5.2.0:
  version "5.2.0"
  resolved "https://registry.yarnpkg.com/vscode-nls/-/vscode-nls-5.2.0.tgz#3cb6893dd9bd695244d8a024bdf746eea665cc3f"
  integrity sha512-RAaHx7B14ZU04EU31pT+rKz2/zSl7xMsfIZuo8pd+KZO6PXtQmpevpq3vxvWNcrGbdmhM/rr5Uw5Mz+NBfhVng==
