# THIS IS AN AUTOGENERATED FILE. DO NOT EDIT THIS FILE DIRECTLY.
# yarn lockfile v1


"@types/node@20.x":
  version "20.11.24"
  resolved "https://registry.yarnpkg.com/@types/node/-/node-20.11.24.tgz#cc207511104694e84e9fb17f9a0c4c42d4517792"
  integrity sha512-Kza43ewS3xoLgCEpQrsT+xRo/EJej1y0kVYGiLFE1NEODXGzTfwiC6tXTLMQskn1X4/Rjlh0MQUvx9W+L9long==
  dependencies:
    undici-types "~5.26.4"

"@types/semver@^5.5.0":
  version "5.5.0"
  resolved "https://registry.yarnpkg.com/@types/semver/-/semver-5.5.0.tgz#146c2a29ee7d3bae4bf2fcb274636e264c813c45"
  integrity sha512-41qEJgBH/TWgo5NFSvBCJ1qkoi3Q6ONSF2avrHq1LVEZfYpdHmj0y9SuTK+u9ZhG1sYQKBL1AWXKyLWP4RaUoQ==

"@vscode/sync-api-client@^0.7.2":
  version "0.7.2"
  resolved "https://registry.yarnpkg.com/@vscode/sync-api-client/-/sync-api-client-0.7.2.tgz#0644bff66a5eff636bcd8eb483d34796b9f90d2d"
  integrity sha512-HQHz57RVKmR8sTEen1Y/T3r6mzDX7IaUJz/O2RJkn0Qu9ThvCsakLP0N+1iiwPnPfUfmNSwQXbSw8bEQFPcpYQ==
  dependencies:
    "@vscode/sync-api-common" "0.7.2"
    vscode-uri "3.0.3"

"@vscode/sync-api-common@0.7.2", "@vscode/sync-api-common@^0.7.2":
  version "0.7.2"
  resolved "https://registry.yarnpkg.com/@vscode/sync-api-common/-/sync-api-common-0.7.2.tgz#705060ee6a0108c24e145e687613becdb4292b33"
  integrity sha512-ne1XEeDIYA3mp4oo1QoF1fqFedd0Vf4ybMmLb9HixbTyXy/qwMNL2p6OjXjOsmx6w2q9eqzGA5W/OPRSJxTTIQ==

"@vscode/sync-api-service@^0.7.3":
  version "0.7.3"
  resolved "https://registry.yarnpkg.com/@vscode/sync-api-service/-/sync-api-service-0.7.3.tgz#6cb7bd23c4a7378e4b92ca3638501a9be1937152"
  integrity sha512-m2AmmfG4uzfjLMgWRHQ3xnBkdwCiUTO68vdw1XuzMsOb39Jwm9xr5bVVxwOFR9lPC0FfO1H6FUxBhZQvg7itPA==
  dependencies:
    "@vscode/sync-api-common" "0.7.2"
    vscode-uri "3.0.3"

"@vscode/ts-package-manager@^0.0.2":
  version "0.0.2"
  resolved "https://registry.yarnpkg.com/@vscode/ts-package-manager/-/ts-package-manager-0.0.2.tgz#d1cade5ff0d01da8c5b5b00bf79d80e7156771cf"
  integrity sha512-cXPxGbPVTkEQI8mUiWYUwB6j3ga6M9i7yubUOCrjgZ01GeZPMSnaWRprfJ09uuy81wJjY2gfHgLsOgwrGvUBTw==

jsonc-parser@^3.2.0:
  version "3.2.0"
  resolved "https://registry.yarnpkg.com/jsonc-parser/-/jsonc-parser-3.2.0.tgz#31ff3f4c2b9793f89c67212627c51c6394f88e76"
  integrity sha512-gfFQZrcTc8CnKXp6Y4/CBT3fTc0OVuDofpre4aEeEpSBPV5X5v4+Vmx+8snU7RLPrNHPKSgLxGo9YuQzz20o+w==

lru-cache@^6.0.0:
  version "6.0.0"
  resolved "https://registry.yarnpkg.com/lru-cache/-/lru-cache-6.0.0.tgz#6d6fe6570ebd96aaf90fcad1dafa3b2566db3a94"
  integrity sha512-Jo6dJ04CmSjuznwJSS3pUeWmd/H0ffTlkXXgwZi+eq1UCmqQwCh+eLsYOYCwY991i2Fah4h1BEMCx4qThGbsiA==
  dependencies:
    yallist "^4.0.0"

semver@7.5.2:
  version "7.5.2"
  resolved "https://registry.yarnpkg.com/semver/-/semver-7.5.2.tgz#5b851e66d1be07c1cdaf37dfc856f543325a2beb"
  integrity sha512-SoftuTROv/cRjCze/scjGyiDtcUyxw1rgYQSZY7XTmtR5hX+dm76iDbTH8TkLPHCQmlbQVSSbNZCPM2hb0knnQ==
  dependencies:
    lru-cache "^6.0.0"

undici-types@~5.26.4:
  version "5.26.5"
  resolved "https://registry.yarnpkg.com/undici-types/-/undici-types-5.26.5.tgz#bcd539893d00b56e964fd2657a4866b221a65617"
  integrity sha512-JlCMO+ehdEIKqlFxk6IfVoAUVmgz7cU7zD/h9XZ0qzeosSHmUJVOzSQvvYSYWXkFXC+IfLKSIffhv0sVZup6pA==

vscode-uri@3.0.3:
  version "3.0.3"
  resolved "https://registry.yarnpkg.com/vscode-uri/-/vscode-uri-3.0.3.tgz#a95c1ce2e6f41b7549f86279d19f47951e4f4d84"
  integrity sha512-EcswR2S8bpR7fD0YPeS7r2xXExrScVMxg4MedACaWHEtx9ftCF/qHG1xGkolzTPcEmjTavCQgbVzHUIdTMzFGA==

vscode-uri@^3.0.3:
  version "3.0.7"
  resolved "https://registry.yarnpkg.com/vscode-uri/-/vscode-uri-3.0.7.tgz#6d19fef387ee6b46c479e5fb00870e15e58c1eb8"
  integrity sha512-eOpPHogvorZRobNqJGhapa0JdwaxpjVvyBp0QIUMRMSf8ZAlqOdEquKuRmw9Qwu0qXtJIWqFtMkmvJjUZmMjVA==

yallist@^4.0.0:
  version "4.0.0"
  resolved "https://registry.yarnpkg.com/yallist/-/yallist-4.0.0.tgz#9bb92790d9c0effec63be73519e11a35019a3a72"
  integrity sha512-3wdGidZyq5PB084XLES5TpOSRA3wjXAlIWMhum2kRcv/41Sn2emQ0dycQW4uZXLejwKvg6EsvbdlVL+FYEct7A==
