{
  "name": "simple-browser",
  "version": "1.0.0",
  "lockfileVersion": 3,
  "requires": true,
  "packages": {
    "": {
      "name": "simple-browser",
      "version": "1.0.0",
      "license": "MIT",
      "devDependencies": {
        "@types/vscode-webview": "^1.57.0",
        "@vscode/codicons": "^0.0.36"
      },
      "engines": {
        "vscode": "^1.70.0"
      }
    },
    "node_modules/@types/vscode-webview": {
      "version": "1.57.0",
      "resolved": "https://registry.npmjs.org/@types/vscode-webview/-/vscode-webview-1.57.0.tgz",
      "integrity": "sha512-x3Cb/SMa1IwRHfSvKaZDZOTh4cNoG505c3NjTqGlMC082m++x/ETUmtYniDsw6SSmYzZXO8KBNhYxR0+VqymqA==",
      "dev": true
    },
    "node_modules/@vscode/codicons": {
      "version": "0.0.36",
      "resolved": "https://registry.npmjs.org/@vscode/codicons/-/codicons-0.0.36.tgz",
      "integrity": "sha512-wsNOvNMMJ2BY8rC2N2MNBG7yOowV3ov8KlvUE/AiVUlHKTfWsw3OgAOQduX7h0Un6GssKD3aoTVH+TF3DSQwKQ==",
      "dev": true,
      "license": "CC-BY-4.0"
    }
  }
}
